// !$*UTF8*$!
{
	archiveVersion = 1;
	classes = {
	};
	objectVersion = 50;
	objects = {

/* Begin PBXBuildFile section */
		09B6E91623824E560063B9F6 /* AppDelegate.m in Sources */ = {isa = PBXBuildFile; fileRef = 09B6E91523824E560063B9F6 /* AppDelegate.m */; };
		09B6E91923824E560063B9F6 /* SceneDelegate.m in Sources */ = {isa = PBXBuildFile; fileRef = 09B6E91823824E560063B9F6 /* SceneDelegate.m */; };
		09B6E91C23824E560063B9F6 /* ViewController.m in Sources */ = {isa = PBXBuildFile; fileRef = 09B6E91B23824E560063B9F6 /* ViewController.m */; };
		09B6E91F23824E560063B9F6 /* Main.storyboard in Resources */ = {isa = PBXBuildFile; fileRef = 09B6E91D23824E560063B9F6 /* Main.storyboard */; };
		09B6E92123824E640063B9F6 /* Assets.xcassets in Resources */ = {isa = PBXBuildFile; fileRef = 09B6E92023824E640063B9F6 /* Assets.xcassets */; };
		09B6E92423824E640063B9F6 /* LaunchScreen.storyboard in Resources */ = {isa = PBXBuildFile; fileRef = 09B6E92223824E640063B9F6 /* LaunchScreen.storyboard */; };
		09B6E92723824E640063B9F6 /* main.m in Sources */ = {isa = PBXBuildFile; fileRef = 09B6E92623824E640063B9F6 /* main.m */; };
		09B6E93123824E640063B9F6 /* OCJSTests.m in Sources */ = {isa = PBXBuildFile; fileRef = 09B6E93023824E640063B9F6 /* OCJSTests.m */; };
		09B6E93C23824E650063B9F6 /* OCJSUITests.m in Sources */ = {isa = PBXBuildFile; fileRef = 09B6E93B23824E650063B9F6 /* OCJSUITests.m */; };
		09B6E94C238250710063B9F6 /* FirstViewController.m in Sources */ = {isa = PBXBuildFile; fileRef = 09B6E94B238250710063B9F6 /* FirstViewController.m */; };
		09B6E94E2382720A0063B9F6 /* index.html in Resources */ = {isa = PBXBuildFile; fileRef = 09B6E94D2382720A0063B9F6 /* index.html */; };
		09B6E952238279100063B9F6 /* JavaScriptCore.framework in Frameworks */ = {isa = PBXBuildFile; fileRef = 09B6E951238279100063B9F6 /* JavaScriptCore.framework */; };
		09B6E955238279A60063B9F6 /* SecondViewController.m in Sources */ = {isa = PBXBuildFile; fileRef = 09B6E954238279A60063B9F6 /* SecondViewController.m */; };
		09B6E9582382842D0063B9F6 /* index2.html in Resources */ = {isa = PBXBuildFile; fileRef = 09B6E9562382842C0063B9F6 /* index2.html */; };
		09B6E9592382842D0063B9F6 /* index3.html in Resources */ = {isa = PBXBuildFile; fileRef = 09B6E9572382842C0063B9F6 /* index3.html */; };
		09B6E95C2382891F0063B9F6 /* ThirdViewController.m in Sources */ = {isa = PBXBuildFile; fileRef = 09B6E95B2382891F0063B9F6 /* ThirdViewController.m */; };
		09B6E95F238299F80063B9F6 /* SP_JSObject.m in Sources */ = {isa = PBXBuildFile; fileRef = 09B6E95E238299F80063B9F6 /* SP_JSObject.m */; };
		09B6E9632382A1020063B9F6 /* FourViewController.m in Sources */ = {isa = PBXBuildFile; fileRef = 09B6E9622382A1020063B9F6 /* FourViewController.m */; };
		09B6E9652382AC8D0063B9F6 /* index4.html in Resources */ = {isa = PBXBuildFile; fileRef = 09B6E9642382AC8D0063B9F6 /* index4.html */; };
		09B6E9682382B4DC0063B9F6 /* FiveViewController.m in Sources */ = {isa = PBXBuildFile; fileRef = 09B6E9672382B4DC0063B9F6 /* FiveViewController.m */; };
		09B6E96C2382BA360063B9F6 /* SixViewController.m in Sources */ = {isa = PBXBuildFile; fileRef = 09B6E96B2382BA360063B9F6 /* SixViewController.m */; };
		09B6E9762382BB040063B9F6 /* WebViewJavascriptBridgeBase.m in Sources */ = {isa = PBXBuildFile; fileRef = 09B6E96E2382BB040063B9F6 /* WebViewJavascriptBridgeBase.m */; };
		09B6E9772382BB040063B9F6 /* WKWebViewJavascriptBridge.m in Sources */ = {isa = PBXBuildFile; fileRef = 09B6E96F2382BB040063B9F6 /* WKWebViewJavascriptBridge.m */; };
		09B6E9782382BB040063B9F6 /* WebViewJavascriptBridge.m in Sources */ = {isa = PBXBuildFile; fileRef = 09B6E9702382BB040063B9F6 /* WebViewJavascriptBridge.m */; };
		09B6E9792382BB040063B9F6 /* WebViewJavascriptBridge_JS.m in Sources */ = {isa = PBXBuildFile; fileRef = 09B6E9732382BB040063B9F6 /* WebViewJavascriptBridge_JS.m */; };
		09B6E97B2382BD570063B9F6 /* index5.html in Resources */ = {isa = PBXBuildFile; fileRef = 09B6E97A2382BD570063B9F6 /* index5.html */; };
/* End PBXBuildFile section */

/* Begin PBXContainerItemProxy section */
		09B6E92D23824E640063B9F6 /* PBXContainerItemProxy */ = {
			isa = PBXContainerItemProxy;
			containerPortal = 09B6E90923824E550063B9F6 /* Project object */;
			proxyType = 1;
			remoteGlobalIDString = 09B6E91023824E560063B9F6;
			remoteInfo = OCJS;
		};
		09B6E93823824E650063B9F6 /* PBXContainerItemProxy */ = {
			isa = PBXContainerItemProxy;
			containerPortal = 09B6E90923824E550063B9F6 /* Project object */;
			proxyType = 1;
			remoteGlobalIDString = 09B6E91023824E560063B9F6;
			remoteInfo = OCJS;
		};
/* End PBXContainerItemProxy section */

/* Begin PBXFileReference section */
		09B6E91123824E560063B9F6 /* OCJS.app */ = {isa = PBXFileReference; explicitFileType = wrapper.application; includeInIndex = 0; path = OCJS.app; sourceTree = BUILT_PRODUCTS_DIR; };
		09B6E91423824E560063B9F6 /* AppDelegate.h */ = {isa = PBXFileReference; lastKnownFileType = sourcecode.c.h; path = AppDelegate.h; sourceTree = "<group>"; };
		09B6E91523824E560063B9F6 /* AppDelegate.m */ = {isa = PBXFileReference; lastKnownFileType = sourcecode.c.objc; path = AppDelegate.m; sourceTree = "<group>"; };
		09B6E91723824E560063B9F6 /* SceneDelegate.h */ = {isa = PBXFileReference; lastKnownFileType = sourcecode.c.h; path = SceneDelegate.h; sourceTree = "<group>"; };
		09B6E91823824E560063B9F6 /* SceneDelegate.m */ = {isa = PBXFileReference; lastKnownFileType = sourcecode.c.objc; path = SceneDelegate.m; sourceTree = "<group>"; };
		09B6E91A23824E560063B9F6 /* ViewController.h */ = {isa = PBXFileReference; lastKnownFileType = sourcecode.c.h; path = ViewController.h; sourceTree = "<group>"; };
		09B6E91B23824E560063B9F6 /* ViewController.m */ = {isa = PBXFileReference; lastKnownFileType = sourcecode.c.objc; path = ViewController.m; sourceTree = "<group>"; };
		09B6E91E23824E560063B9F6 /* Base */ = {isa = PBXFileReference; lastKnownFileType = file.storyboard; name = Base; path = Base.lproj/Main.storyboard; sourceTree = "<group>"; };
		09B6E92023824E640063B9F6 /* Assets.xcassets */ = {isa = PBXFileReference; lastKnownFileType = folder.assetcatalog; path = Assets.xcassets; sourceTree = "<group>"; };
		09B6E92323824E640063B9F6 /* Base */ = {isa = PBXFileReference; lastKnownFileType = file.storyboard; name = Base; path = Base.lproj/LaunchScreen.storyboard; sourceTree = "<group>"; };
		09B6E92523824E640063B9F6 /* Info.plist */ = {isa = PBXFileReference; lastKnownFileType = text.plist.xml; path = Info.plist; sourceTree = "<group>"; };
		09B6E92623824E640063B9F6 /* main.m */ = {isa = PBXFileReference; lastKnownFileType = sourcecode.c.objc; path = main.m; sourceTree = "<group>"; };
		09B6E92C23824E640063B9F6 /* OCJSTests.xctest */ = {isa = PBXFileReference; explicitFileType = wrapper.cfbundle; includeInIndex = 0; path = OCJSTests.xctest; sourceTree = BUILT_PRODUCTS_DIR; };
		09B6E93023824E640063B9F6 /* OCJSTests.m */ = {isa = PBXFileReference; lastKnownFileType = sourcecode.c.objc; path = OCJSTests.m; sourceTree = "<group>"; };
		09B6E93223824E640063B9F6 /* Info.plist */ = {isa = PBXFileReference; lastKnownFileType = text.plist.xml; path = Info.plist; sourceTree = "<group>"; };
		09B6E93723824E650063B9F6 /* OCJSUITests.xctest */ = {isa = PBXFileReference; explicitFileType = wrapper.cfbundle; includeInIndex = 0; path = OCJSUITests.xctest; sourceTree = BUILT_PRODUCTS_DIR; };
		09B6E93B23824E650063B9F6 /* OCJSUITests.m */ = {isa = PBXFileReference; lastKnownFileType = sourcecode.c.objc; path = OCJSUITests.m; sourceTree = "<group>"; };
		09B6E93D23824E650063B9F6 /* Info.plist */ = {isa = PBXFileReference; lastKnownFileType = text.plist.xml; path = Info.plist; sourceTree = "<group>"; };
		09B6E94A238250710063B9F6 /* FirstViewController.h */ = {isa = PBXFileReference; lastKnownFileType = sourcecode.c.h; path = FirstViewController.h; sourceTree = "<group>"; };
		09B6E94B238250710063B9F6 /* FirstViewController.m */ = {isa = PBXFileReference; lastKnownFileType = sourcecode.c.objc; path = FirstViewController.m; sourceTree = "<group>"; };
		09B6E94D2382720A0063B9F6 /* index.html */ = {isa = PBXFileReference; fileEncoding = 4; lastKnownFileType = text.html; path = index.html; sourceTree = "<group>"; };
		09B6E951238279100063B9F6 /* JavaScriptCore.framework */ = {isa = PBXFileReference; lastKnownFileType = wrapper.framework; name = JavaScriptCore.framework; path = System/Library/Frameworks/JavaScriptCore.framework; sourceTree = SDKROOT; };
		09B6E953238279A60063B9F6 /* SecondViewController.h */ = {isa = PBXFileReference; lastKnownFileType = sourcecode.c.h; path = SecondViewController.h; sourceTree = "<group>"; };
		09B6E954238279A60063B9F6 /* SecondViewController.m */ = {isa = PBXFileReference; lastKnownFileType = sourcecode.c.objc; path = SecondViewController.m; sourceTree = "<group>"; };
		09B6E9562382842C0063B9F6 /* index2.html */ = {isa = PBXFileReference; fileEncoding = 4; lastKnownFileType = text.html; path = index2.html; sourceTree = "<group>"; };
		09B6E9572382842C0063B9F6 /* index3.html */ = {isa = PBXFileReference; fileEncoding = 4; lastKnownFileType = text.html; path = index3.html; sourceTree = "<group>"; };
		09B6E95A2382891F0063B9F6 /* ThirdViewController.h */ = {isa = PBXFileReference; lastKnownFileType = sourcecode.c.h; path = ThirdViewController.h; sourceTree = "<group>"; };
		09B6E95B2382891F0063B9F6 /* ThirdViewController.m */ = {isa = PBXFileReference; lastKnownFileType = sourcecode.c.objc; path = ThirdViewController.m; sourceTree = "<group>"; };
		09B6E95D238299F80063B9F6 /* SP_JSObject.h */ = {isa = PBXFileReference; lastKnownFileType = sourcecode.c.h; path = SP_JSObject.h; sourceTree = "<group>"; };
		09B6E95E238299F80063B9F6 /* SP_JSObject.m */ = {isa = PBXFileReference; lastKnownFileType = sourcecode.c.objc; path = SP_JSObject.m; sourceTree = "<group>"; };
		09B6E9612382A1020063B9F6 /* FourViewController.h */ = {isa = PBXFileReference; lastKnownFileType = sourcecode.c.h; path = FourViewController.h; sourceTree = "<group>"; };
		09B6E9622382A1020063B9F6 /* FourViewController.m */ = {isa = PBXFileReference; lastKnownFileType = sourcecode.c.objc; path = FourViewController.m; sourceTree = "<group>"; };
		09B6E9642382AC8D0063B9F6 /* index4.html */ = {isa = PBXFileReference; fileEncoding = 4; lastKnownFileType = text.html; path = index4.html; sourceTree = "<group>"; };
		09B6E9662382B4DC0063B9F6 /* FiveViewController.h */ = {isa = PBXFileReference; lastKnownFileType = sourcecode.c.h; path = FiveViewController.h; sourceTree = "<group>"; };
		09B6E9672382B4DC0063B9F6 /* FiveViewController.m */ = {isa = PBXFileReference; lastKnownFileType = sourcecode.c.objc; path = FiveViewController.m; sourceTree = "<group>"; };
		09B6E96A2382BA360063B9F6 /* SixViewController.h */ = {isa = PBXFileReference; lastKnownFileType = sourcecode.c.h; path = SixViewController.h; sourceTree = "<group>"; };
		09B6E96B2382BA360063B9F6 /* SixViewController.m */ = {isa = PBXFileReference; lastKnownFileType = sourcecode.c.objc; path = SixViewController.m; sourceTree = "<group>"; };
		09B6E96E2382BB040063B9F6 /* WebViewJavascriptBridgeBase.m */ = {isa = PBXFileReference; fileEncoding = 4; lastKnownFileType = sourcecode.c.objc; path = WebViewJavascriptBridgeBase.m; sourceTree = "<group>"; };
		09B6E96F2382BB040063B9F6 /* WKWebViewJavascriptBridge.m */ = {isa = PBXFileReference; fileEncoding = 4; lastKnownFileType = sourcecode.c.objc; path = WKWebViewJavascriptBridge.m; sourceTree = "<group>"; };
		09B6E9702382BB040063B9F6 /* WebViewJavascriptBridge.m */ = {isa = PBXFileReference; fileEncoding = 4; lastKnownFileType = sourcecode.c.objc; path = WebViewJavascriptBridge.m; sourceTree = "<group>"; };
		09B6E9712382BB040063B9F6 /* WebViewJavascriptBridge_JS.h */ = {isa = PBXFileReference; fileEncoding = 4; lastKnownFileType = sourcecode.c.h; path = WebViewJavascriptBridge_JS.h; sourceTree = "<group>"; };
		09B6E9722382BB040063B9F6 /* WebViewJavascriptBridgeBase.h */ = {isa = PBXFileReference; fileEncoding = 4; lastKnownFileType = sourcecode.c.h; path = WebViewJavascriptBridgeBase.h; sourceTree = "<group>"; };
		09B6E9732382BB040063B9F6 /* WebViewJavascriptBridge_JS.m */ = {isa = PBXFileReference; fileEncoding = 4; lastKnownFileType = sourcecode.c.objc; path = WebViewJavascriptBridge_JS.m; sourceTree = "<group>"; };
		09B6E9742382BB040063B9F6 /* WebViewJavascriptBridge.h */ = {isa = PBXFileReference; fileEncoding = 4; lastKnownFileType = sourcecode.c.h; path = WebViewJavascriptBridge.h; sourceTree = "<group>"; };
		09B6E9752382BB040063B9F6 /* WKWebViewJavascriptBridge.h */ = {isa = PBXFileReference; fileEncoding = 4; lastKnownFileType = sourcecode.c.h; path = WKWebViewJavascriptBridge.h; sourceTree = "<group>"; };
		09B6E97A2382BD570063B9F6 /* index5.html */ = {isa = PBXFileReference; fileEncoding = 4; lastKnownFileType = text.html; path = index5.html; sourceTree = "<group>"; };
/* End PBXFileReference section */

/* Begin PBXFrameworksBuildPhase section */
		09B6E90E23824E560063B9F6 /* Frameworks */ = {
			isa = PBXFrameworksBuildPhase;
			buildActionMask = 2147483647;
			files = (
				09B6E952238279100063B9F6 /* JavaScriptCore.framework in Frameworks */,
			);
			runOnlyForDeploymentPostprocessing = 0;
		};
		09B6E92923824E640063B9F6 /* Frameworks */ = {
			isa = PBXFrameworksBuildPhase;
			buildActionMask = 2147483647;
			files = (
			);
			runOnlyForDeploymentPostprocessing = 0;
		};
		09B6E93423824E650063B9F6 /* Frameworks */ = {
			isa = PBXFrameworksBuildPhase;
			buildActionMask = 2147483647;
			files = (
			);
			runOnlyForDeploymentPostprocessing = 0;
		};
/* End PBXFrameworksBuildPhase section */

/* Begin PBXGroup section */
		09B6E90823824E550063B9F6 = {
			isa = PBXGroup;
			children = (
				09B6E91323824E560063B9F6 /* OCJS */,
				09B6E92F23824E640063B9F6 /* OCJSTests */,
				09B6E93A23824E650063B9F6 /* OCJSUITests */,
				09B6E91223824E560063B9F6 /* Products */,
				09B6E9502382790F0063B9F6 /* Frameworks */,
			);
			sourceTree = "<group>";
		};
		09B6E91223824E560063B9F6 /* Products */ = {
			isa = PBXGroup;
			children = (
				09B6E91123824E560063B9F6 /* OCJS.app */,
				09B6E92C23824E640063B9F6 /* OCJSTests.xctest */,
				09B6E93723824E650063B9F6 /* OCJSUITests.xctest */,
			);
			name = Products;
			sourceTree = "<group>";
		};
		09B6E91323824E560063B9F6 /* OCJS */ = {
			isa = PBXGroup;
			children = (
				09B6E9692382BA090063B9F6 /* WebViewJavascriptBridge */,
				09B6E9602382A0DB0063B9F6 /* WKWebView */,
				09B6E94F238278EC0063B9F6 /* JavaScriptCore */,
				09B6E94923824E7D0063B9F6 /* UIWeb_OC_JS */,
				09B6E91423824E560063B9F6 /* AppDelegate.h */,
				09B6E91523824E560063B9F6 /* AppDelegate.m */,
				09B6E91723824E560063B9F6 /* SceneDelegate.h */,
				09B6E91823824E560063B9F6 /* SceneDelegate.m */,
				09B6E91A23824E560063B9F6 /* ViewController.h */,
				09B6E91B23824E560063B9F6 /* ViewController.m */,
				09B6E91D23824E560063B9F6 /* Main.storyboard */,
				09B6E92023824E640063B9F6 /* Assets.xcassets */,
				09B6E92223824E640063B9F6 /* LaunchScreen.storyboard */,
				09B6E92523824E640063B9F6 /* Info.plist */,
				09B6E92623824E640063B9F6 /* main.m */,
			);
			path = OCJS;
			sourceTree = "<group>";
		};
		09B6E92F23824E640063B9F6 /* OCJSTests */ = {
			isa = PBXGroup;
			children = (
				09B6E93023824E640063B9F6 /* OCJSTests.m */,
				09B6E93223824E640063B9F6 /* Info.plist */,
			);
			path = OCJSTests;
			sourceTree = "<group>";
		};
		09B6E93A23824E650063B9F6 /* OCJSUITests */ = {
			isa = PBXGroup;
			children = (
				09B6E93B23824E650063B9F6 /* OCJSUITests.m */,
				09B6E93D23824E650063B9F6 /* Info.plist */,
			);
			path = OCJSUITests;
			sourceTree = "<group>";
		};
		09B6E94923824E7D0063B9F6 /* UIWeb_OC_JS */ = {
			isa = PBXGroup;
			children = (
				09B6E94D2382720A0063B9F6 /* index.html */,
				09B6E94A238250710063B9F6 /* FirstViewController.h */,
				09B6E94B238250710063B9F6 /* FirstViewController.m */,
			);
			path = UIWeb_OC_JS;
			sourceTree = "<group>";
		};
		09B6E94F238278EC0063B9F6 /* JavaScriptCore */ = {
			isa = PBXGroup;
			children = (
				09B6E9562382842C0063B9F6 /* index2.html */,
				09B6E9572382842C0063B9F6 /* index3.html */,
				09B6E953238279A60063B9F6 /* SecondViewController.h */,
				09B6E954238279A60063B9F6 /* SecondViewController.m */,
				09B6E95A2382891F0063B9F6 /* ThirdViewController.h */,
				09B6E95B2382891F0063B9F6 /* ThirdViewController.m */,
				09B6E95D238299F80063B9F6 /* SP_JSObject.h */,
				09B6E95E238299F80063B9F6 /* SP_JSObject.m */,
			);
			path = JavaScriptCore;
			sourceTree = "<group>";
		};
		09B6E9502382790F0063B9F6 /* Frameworks */ = {
			isa = PBXGroup;
			children = (
				09B6E951238279100063B9F6 /* JavaScriptCore.framework */,
			);
			name = Frameworks;
			sourceTree = "<group>";
		};
		09B6E9602382A0DB0063B9F6 /* WKWebView */ = {
			isa = PBXGroup;
			children = (
				09B6E9642382AC8D0063B9F6 /* index4.html */,
				09B6E9612382A1020063B9F6 /* FourViewController.h */,
				09B6E9622382A1020063B9F6 /* FourViewController.m */,
				09B6E9662382B4DC0063B9F6 /* FiveViewController.h */,
				09B6E9672382B4DC0063B9F6 /* FiveViewController.m */,
			);
			path = WKWebView;
			sourceTree = "<group>";
		};
		09B6E9692382BA090063B9F6 /* WebViewJavascriptBridge */ = {
			isa = PBXGroup;
			children = (
				09B6E96D2382BB040063B9F6 /* WebViewJavascriptBridge */,
				09B6E96A2382BA360063B9F6 /* SixViewController.h */,
				09B6E96B2382BA360063B9F6 /* SixViewController.m */,
				09B6E97A2382BD570063B9F6 /* index5.html */,
			);
			path = WebViewJavascriptBridge;
			sourceTree = "<group>";
		};
		09B6E96D2382BB040063B9F6 /* WebViewJavascriptBridge */ = {
			isa = PBXGroup;
			children = (
				09B6E96E2382BB040063B9F6 /* WebViewJavascriptBridgeBase.m */,
				09B6E96F2382BB040063B9F6 /* WKWebViewJavascriptBridge.m */,
				09B6E9702382BB040063B9F6 /* WebViewJavascriptBridge.m */,
				09B6E9712382BB040063B9F6 /* WebViewJavascriptBridge_JS.h */,
				09B6E9722382BB040063B9F6 /* WebViewJavascriptBridgeBase.h */,
				09B6E9732382BB040063B9F6 /* WebViewJavascriptBridge_JS.m */,
				09B6E9742382BB040063B9F6 /* WebViewJavascriptBridge.h */,
				09B6E9752382BB040063B9F6 /* WKWebViewJavascriptBridge.h */,
			);
			path = WebViewJavascriptBridge;
			sourceTree = "<group>";
		};
/* End PBXGroup section */

/* Begin PBXNativeTarget section */
		09B6E91023824E560063B9F6 /* OCJS */ = {
			isa = PBXNativeTarget;
			buildConfigurationList = 09B6E94023824E650063B9F6 /* Build configuration list for PBXNativeTarget "OCJS" */;
			buildPhases = (
				09B6E90D23824E560063B9F6 /* Sources */,
				09B6E90E23824E560063B9F6 /* Frameworks */,
				09B6E90F23824E560063B9F6 /* Resources */,
			);
			buildRules = (
			);
			dependencies = (
			);
			name = OCJS;
			productName = OCJS;
			productReference = 09B6E91123824E560063B9F6 /* OCJS.app */;
			productType = "com.apple.product-type.application";
		};
		09B6E92B23824E640063B9F6 /* OCJSTests */ = {
			isa = PBXNativeTarget;
			buildConfigurationList = 09B6E94323824E650063B9F6 /* Build configuration list for PBXNativeTarget "OCJSTests" */;
			buildPhases = (
				09B6E92823824E640063B9F6 /* Sources */,
				09B6E92923824E640063B9F6 /* Frameworks */,
				09B6E92A23824E640063B9F6 /* Resources */,
			);
			buildRules = (
			);
			dependencies = (
				09B6E92E23824E640063B9F6 /* PBXTargetDependency */,
			);
			name = OCJSTests;
			productName = OCJSTests;
			productReference = 09B6E92C23824E640063B9F6 /* OCJSTests.xctest */;
			productType = "com.apple.product-type.bundle.unit-test";
		};
		09B6E93623824E650063B9F6 /* OCJSUITests */ = {
			isa = PBXNativeTarget;
			buildConfigurationList = 09B6E94623824E650063B9F6 /* Build configuration list for PBXNativeTarget "OCJSUITests" */;
			buildPhases = (
				09B6E93323824E650063B9F6 /* Sources */,
				09B6E93423824E650063B9F6 /* Frameworks */,
				09B6E93523824E650063B9F6 /* Resources */,
			);
			buildRules = (
			);
			dependencies = (
				09B6E93923824E650063B9F6 /* PBXTargetDependency */,
			);
			name = OCJSUITests;
			productName = OCJSUITests;
			productReference = 09B6E93723824E650063B9F6 /* OCJSUITests.xctest */;
			productType = "com.apple.product-type.bundle.ui-testing";
		};
/* End PBXNativeTarget section */

/* Begin PBXProject section */
		09B6E90923824E550063B9F6 /* Project object */ = {
			isa = PBXProject;
			attributes = {
				LastUpgradeCheck = 1110;
				ORGANIZATIONNAME = fire;
				TargetAttributes = {
					09B6E91023824E560063B9F6 = {
						CreatedOnToolsVersion = 11.1;
					};
					09B6E92B23824E640063B9F6 = {
						CreatedOnToolsVersion = 11.1;
						TestTargetID = 09B6E91023824E560063B9F6;
					};
					09B6E93623824E650063B9F6 = {
						CreatedOnToolsVersion = 11.1;
						TestTargetID = 09B6E91023824E560063B9F6;
					};
				};
			};
			buildConfigurationList = 09B6E90C23824E550063B9F6 /* Build configuration list for PBXProject "OCJS" */;
			compatibilityVersion = "Xcode 9.3";
			developmentRegion = en;
			hasScannedForEncodings = 0;
			knownRegions = (
				en,
				Base,
			);
			mainGroup = 09B6E90823824E550063B9F6;
			productRefGroup = 09B6E91223824E560063B9F6 /* Products */;
			projectDirPath = "";
			projectRoot = "";
			targets = (
				09B6E91023824E560063B9F6 /* OCJS */,
				09B6E92B23824E640063B9F6 /* OCJSTests */,
				09B6E93623824E650063B9F6 /* OCJSUITests */,
			);
		};
/* End PBXProject section */

/* Begin PBXResourcesBuildPhase section */
		09B6E90F23824E560063B9F6 /* Resources */ = {
			isa = PBXResourcesBuildPhase;
			buildActionMask = 2147483647;
			files = (
				09B6E9652382AC8D0063B9F6 /* index4.html in Resources */,
				09B6E9582382842D0063B9F6 /* index2.html in Resources */,
				09B6E92423824E640063B9F6 /* LaunchScreen.storyboard in Resources */,
				09B6E9592382842D0063B9F6 /* index3.html in Resources */,
				09B6E94E2382720A0063B9F6 /* index.html in Resources */,
				09B6E97B2382BD570063B9F6 /* index5.html in Resources */,
				09B6E92123824E640063B9F6 /* Assets.xcassets in Resources */,
				09B6E91F23824E560063B9F6 /* Main.storyboard in Resources */,
			);
			runOnlyForDeploymentPostprocessing = 0;
		};
		09B6E92A23824E640063B9F6 /* Resources */ = {
			isa = PBXResourcesBuildPhase;
			buildActionMask = 2147483647;
			files = (
			);
			runOnlyForDeploymentPostprocessing = 0;
		};
		09B6E93523824E650063B9F6 /* Resources */ = {
			isa = PBXResourcesBuildPhase;
			buildActionMask = 2147483647;
			files = (
			);
			runOnlyForDeploymentPostprocessing = 0;
		};
/* End PBXResourcesBuildPhase section */

/* Begin PBXSourcesBuildPhase section */
		09B6E90D23824E560063B9F6 /* Sources */ = {
			isa = PBXSourcesBuildPhase;
			buildActionMask = 2147483647;
			files = (
				09B6E955238279A60063B9F6 /* SecondViewController.m in Sources */,
				09B6E91C23824E560063B9F6 /* ViewController.m in Sources */,
				09B6E91623824E560063B9F6 /* AppDelegate.m in Sources */,
				09B6E9632382A1020063B9F6 /* FourViewController.m in Sources */,
				09B6E9772382BB040063B9F6 /* WKWebViewJavascriptBridge.m in Sources */,
				09B6E9782382BB040063B9F6 /* WebViewJavascriptBridge.m in Sources */,
				09B6E9762382BB040063B9F6 /* WebViewJavascriptBridgeBase.m in Sources */,
				09B6E9682382B4DC0063B9F6 /* FiveViewController.m in Sources */,
				09B6E94C238250710063B9F6 /* FirstViewController.m in Sources */,
				09B6E92723824E640063B9F6 /* main.m in Sources */,
				09B6E91923824E560063B9F6 /* SceneDelegate.m in Sources */,
				09B6E96C2382BA360063B9F6 /* SixViewController.m in Sources */,
				09B6E95F238299F80063B9F6 /* SP_JSObject.m in Sources */,
				09B6E95C2382891F0063B9F6 /* ThirdViewController.m in Sources */,
				09B6E9792382BB040063B9F6 /* WebViewJavascriptBridge_JS.m in Sources */,
			);
			runOnlyForDeploymentPostprocessing = 0;
		};
		09B6E92823824E640063B9F6 /* Sources */ = {
			isa = PBXSourcesBuildPhase;
			buildActionMask = 2147483647;
			files = (
				09B6E93123824E640063B9F6 /* OCJSTests.m in Sources */,
			);
			runOnlyForDeploymentPostprocessing = 0;
		};
		09B6E93323824E650063B9F6 /* Sources */ = {
			isa = PBXSourcesBuildPhase;
			buildActionMask = 2147483647;
			files = (
				09B6E93C23824E650063B9F6 /* OCJSUITests.m in Sources */,
			);
			runOnlyForDeploymentPostprocessing = 0;
		};
/* End PBXSourcesBuildPhase section */

/* Begin PBXTargetDependency section */
		09B6E92E23824E640063B9F6 /* PBXTargetDependency */ = {
			isa = PBXTargetDependency;
			target = 09B6E91023824E560063B9F6 /* OCJS */;
			targetProxy = 09B6E92D23824E640063B9F6 /* PBXContainerItemProxy */;
		};
		09B6E93923824E650063B9F6 /* PBXTargetDependency */ = {
			isa = PBXTargetDependency;
			target = 09B6E91023824E560063B9F6 /* OCJS */;
			targetProxy = 09B6E93823824E650063B9F6 /* PBXContainerItemProxy */;
		};
/* End PBXTargetDependency section */

/* Begin PBXVariantGroup section */
		09B6E91D23824E560063B9F6 /* Main.storyboard */ = {
			isa = PBXVariantGroup;
			children = (
				09B6E91E23824E560063B9F6 /* Base */,
			);
			name = Main.storyboard;
			sourceTree = "<group>";
		};
		09B6E92223824E640063B9F6 /* LaunchScreen.storyboard */ = {
			isa = PBXVariantGroup;
			children = (
				09B6E92323824E640063B9F6 /* Base */,
			);
			name = LaunchScreen.storyboard;
			sourceTree = "<group>";
		};
/* End PBXVariantGroup section */

/* Begin XCBuildConfiguration section */
		09B6E93E23824E650063B9F6 /* Debug */ = {
			isa = XCBuildConfiguration;
			buildSettings = {
				ALWAYS_SEARCH_USER_PATHS = NO;
				CLANG_ANALYZER_NONNULL = YES;
				CLANG_ANALYZER_NUMBER_OBJECT_CONVERSION = YES_AGGRESSIVE;
				CLANG_CXX_LANGUAGE_STANDARD = "gnu++14";
				CLANG_CXX_LIBRARY = "libc++";
				CLANG_ENABLE_MODULES = YES;
				CLANG_ENABLE_OBJC_ARC = YES;
				CLANG_ENABLE_OBJC_WEAK = YES;
				CLANG_WARN_BLOCK_CAPTURE_AUTORELEASING = YES;
				CLANG_WARN_BOOL_CONVERSION = YES;
				CLANG_WARN_COMMA = YES;
				CLANG_WARN_CONSTANT_CONVERSION = YES;
				CLANG_WARN_DEPRECATED_OBJC_IMPLEMENTATIONS = YES;
				CLANG_WARN_DIRECT_OBJC_ISA_USAGE = YES_ERROR;
				CLANG_WARN_DOCUMENTATION_COMMENTS = YES;
				CLANG_WARN_EMPTY_BODY = YES;
				CLANG_WARN_ENUM_CONVERSION = YES;
				CLANG_WARN_INFINITE_RECURSION = YES;
				CLANG_WARN_INT_CONVERSION = YES;
				CLANG_WARN_NON_LITERAL_NULL_CONVERSION = YES;
				CLANG_WARN_OBJC_IMPLICIT_RETAIN_SELF = YES;
				CLANG_WARN_OBJC_LITERAL_CONVERSION = YES;
				CLANG_WARN_OBJC_ROOT_CLASS = YES_ERROR;
				CLANG_WARN_RANGE_LOOP_ANALYSIS = YES;
				CLANG_WARN_STRICT_PROTOTYPES = YES;
				CLANG_WARN_SUSPICIOUS_MOVE = YES;
				CLANG_WARN_UNGUARDED_AVAILABILITY = YES_AGGRESSIVE;
				CLANG_WARN_UNREACHABLE_CODE = YES;
				CLANG_WARN__DUPLICATE_METHOD_MATCH = YES;
				COPY_PHASE_STRIP = NO;
				DEBUG_INFORMATION_FORMAT = dwarf;
				ENABLE_STRICT_OBJC_MSGSEND = YES;
				ENABLE_TESTABILITY = YES;
				GCC_C_LANGUAGE_STANDARD = gnu11;
				GCC_DYNAMIC_NO_PIC = NO;
				GCC_NO_COMMON_BLOCKS = YES;
				GCC_OPTIMIZATION_LEVEL = 0;
				GCC_PREPROCESSOR_DEFINITIONS = (
					"DEBUG=1",
					"$(inherited)",
				);
				GCC_WARN_64_TO_32_BIT_CONVERSION = YES;
				GCC_WARN_ABOUT_RETURN_TYPE = YES_ERROR;
				GCC_WARN_UNDECLARED_SELECTOR = YES;
				GCC_WARN_UNINITIALIZED_AUTOS = YES_AGGRESSIVE;
				GCC_WARN_UNUSED_FUNCTION = YES;
				GCC_WARN_UNUSED_VARIABLE = YES;
				IPHONEOS_DEPLOYMENT_TARGET = 11.4;
				MTL_ENABLE_DEBUG_INFO = INCLUDE_SOURCE;
				MTL_FAST_MATH = YES;
				ONLY_ACTIVE_ARCH = YES;
				SDKROOT = iphoneos;
			};
			name = Debug;
		};
		09B6E93F23824E650063B9F6 /* Release */ = {
			isa = XCBuildConfiguration;
			buildSettings = {
				ALWAYS_SEARCH_USER_PATHS = NO;
				CLANG_ANALYZER_NONNULL = YES;
				CLANG_ANALYZER_NUMBER_OBJECT_CONVERSION = YES_AGGRESSIVE;
				CLANG_CXX_LANGUAGE_STANDARD = "gnu++14";
				CLANG_CXX_LIBRARY = "libc++";
				CLANG_ENABLE_MODULES = YES;
				CLANG_ENABLE_OBJC_ARC = YES;
				CLANG_ENABLE_OBJC_WEAK = YES;
				CLANG_WARN_BLOCK_CAPTURE_AUTORELEASING = YES;
				CLANG_WARN_BOOL_CONVERSION = YES;
				CLANG_WARN_COMMA = YES;
				CLANG_WARN_CONSTANT_CONVERSION = YES;
				CLANG_WARN_DEPRECATED_OBJC_IMPLEMENTATIONS = YES;
				CLANG_WARN_DIRECT_OBJC_ISA_USAGE = YES_ERROR;
				CLANG_WARN_DOCUMENTATION_COMMENTS = YES;
				CLANG_WARN_EMPTY_BODY = YES;
				CLANG_WARN_ENUM_CONVERSION = YES;
				CLANG_WARN_INFINITE_RECURSION = YES;
				CLANG_WARN_INT_CONVERSION = YES;
				CLANG_WARN_NON_LITERAL_NULL_CONVERSION = YES;
				CLANG_WARN_OBJC_IMPLICIT_RETAIN_SELF = YES;
				CLANG_WARN_OBJC_LITERAL_CONVERSION = YES;
				CLANG_WARN_OBJC_ROOT_CLASS = YES_ERROR;
				CLANG_WARN_RANGE_LOOP_ANALYSIS = YES;
				CLANG_WARN_STRICT_PROTOTYPES = YES;
				CLANG_WARN_SUSPICIOUS_MOVE = YES;
				CLANG_WARN_UNGUARDED_AVAILABILITY = YES_AGGRESSIVE;
				CLANG_WARN_UNREACHABLE_CODE = YES;
				CLANG_WARN__DUPLICATE_METHOD_MATCH = YES;
				COPY_PHASE_STRIP = NO;
				DEBUG_INFORMATION_FORMAT = "dwarf-with-dsym";
				ENABLE_NS_ASSERTIONS = NO;
				ENABLE_STRICT_OBJC_MSGSEND = YES;
				GCC_C_LANGUAGE_STANDARD = gnu11;
				GCC_NO_COMMON_BLOCKS = YES;
				GCC_WARN_64_TO_32_BIT_CONVERSION = YES;
				GCC_WARN_ABOUT_RETURN_TYPE = YES_ERROR;
				GCC_WARN_UNDECLARED_SELECTOR = YES;
				GCC_WARN_UNINITIALIZED_AUTOS = YES_AGGRESSIVE;
				GCC_WARN_UNUSED_FUNCTION = YES;
				GCC_WARN_UNUSED_VARIABLE = YES;
				IPHONEOS_DEPLOYMENT_TARGET = 11.4;
				MTL_ENABLE_DEBUG_INFO = NO;
				MTL_FAST_MATH = YES;
				SDKROOT = iphoneos;
				VALIDATE_PRODUCT = YES;
			};
			name = Release;
		};
		09B6E94123824E650063B9F6 /* Debug */ = {
			isa = XCBuildConfiguration;
			buildSettings = {
				ASSETCATALOG_COMPILER_APPICON_NAME = AppIcon;
				CODE_SIGN_STYLE = Automatic;
				INFOPLIST_FILE = OCJS/Info.plist;
				LD_RUNPATH_SEARCH_PATHS = (
					"$(inherited)",
					"@executable_path/Frameworks",
				);
				PRODUCT_BUNDLE_IDENTIFIER = com.fire.OCJS;
				PRODUCT_NAME = "$(TARGET_NAME)";
				TARGETED_DEVICE_FAMILY = "1,2";
			};
			name = Debug;
		};
		09B6E94223824E650063B9F6 /* Release */ = {
			isa = XCBuildConfiguration;
			buildSettings = {
				ASSETCATALOG_COMPILER_APPICON_NAME = AppIcon;
				CODE_SIGN_STYLE = Automatic;
				INFOPLIST_FILE = OCJS/Info.plist;
				LD_RUNPATH_SEARCH_PATHS = (
					"$(inherited)",
					"@executable_path/Frameworks",
				);
				PRODUCT_BUNDLE_IDENTIFIER = com.fire.OCJS;
				PRODUCT_NAME = "$(TARGET_NAME)";
				TARGETED_DEVICE_FAMILY = "1,2";
			};
			name = Release;
		};
		09B6E94423824E650063B9F6 /* Debug */ = {
			isa = XCBuildConfiguration;
			buildSettings = {
				BUNDLE_LOADER = "$(TEST_HOST)";
				CODE_SIGN_STYLE = Automatic;
				INFOPLIST_FILE = OCJSTests/Info.plist;
				IPHONEOS_DEPLOYMENT_TARGET = 13.1;
				LD_RUNPATH_SEARCH_PATHS = (
					"$(inherited)",
					"@executable_path/Frameworks",
					"@loader_path/Frameworks",
				);
				PRODUCT_BUNDLE_IDENTIFIER = com.fire.OCJSTests;
				PRODUCT_NAME = "$(TARGET_NAME)";
				TARGETED_DEVICE_FAMILY = "1,2";
				TEST_HOST = "$(BUILT_PRODUCTS_DIR)/OCJS.app/OCJS";
			};
			name = Debug;
		};
		09B6E94523824E650063B9F6 /* Release */ = {
			isa = XCBuildConfiguration;
			buildSettings = {
				BUNDLE_LOADER = "$(TEST_HOST)";
				CODE_SIGN_STYLE = Automatic;
				INFOPLIST_FILE = OCJSTests/Info.plist;
				IPHONEOS_DEPLOYMENT_TARGET = 13.1;
				LD_RUNPATH_SEARCH_PATHS = (
					"$(inherited)",
					"@executable_path/Frameworks",
					"@loader_path/Frameworks",
				);
				PRODUCT_BUNDLE_IDENTIFIER = com.fire.OCJSTests;
				PRODUCT_NAME = "$(TARGET_NAME)";
				TARGETED_DEVICE_FAMILY = "1,2";
				TEST_HOST = "$(BUILT_PRODUCTS_DIR)/OCJS.app/OCJS";
			};
			name = Release;
		};
		09B6E94723824E650063B9F6 /* Debug */ = {
			isa = XCBuildConfiguration;
			buildSettings = {
				CODE_SIGN_STYLE = Automatic;
				INFOPLIST_FILE = OCJSUITests/Info.plist;
				LD_RUNPATH_SEARCH_PATHS = (
					"$(inherited)",
					"@executable_path/Frameworks",
					"@loader_path/Frameworks",
				);
				PRODUCT_BUNDLE_IDENTIFIER = com.fire.OCJSUITests;
				PRODUCT_NAME = "$(TARGET_NAME)";
				TARGETED_DEVICE_FAMILY = "1,2";
				TEST_TARGET_NAME = OCJS;
			};
			name = Debug;
		};
		09B6E94823824E650063B9F6 /* Release */ = {
			isa = XCBuildConfiguration;
			buildSettings = {
				CODE_SIGN_STYLE = Automatic;
				INFOPLIST_FILE = OCJSUITests/Info.plist;
				LD_RUNPATH_SEARCH_PATHS = (
					"$(inherited)",
					"@executable_path/Frameworks",
					"@loader_path/Frameworks",
				);
				PRODUCT_BUNDLE_IDENTIFIER = com.fire.OCJSUITests;
				PRODUCT_NAME = "$(TARGET_NAME)";
				TARGETED_DEVICE_FAMILY = "1,2";
				TEST_TARGET_NAME = OCJS;
			};
			name = Release;
		};
/* End XCBuildConfiguration section */

/* Begin XCConfigurationList section */
		09B6E90C23824E550063B9F6 /* Build configuration list for PBXProject "OCJS" */ = {
			isa = XCConfigurationList;
			buildConfigurations = (
				09B6E93E23824E650063B9F6 /* Debug */,
				09B6E93F23824E650063B9F6 /* Release */,
			);
			defaultConfigurationIsVisible = 0;
			defaultConfigurationName = Release;
		};
		09B6E94023824E650063B9F6 /* Build configuration list for PBXNativeTarget "OCJS" */ = {
			isa = XCConfigurationList;
			buildConfigurations = (
				09B6E94123824E650063B9F6 /* Debug */,
				09B6E94223824E650063B9F6 /* Release */,
			);
			defaultConfigurationIsVisible = 0;
			defaultConfigurationName = Release;
		};
		09B6E94323824E650063B9F6 /* Build configuration list for PBXNativeTarget "OCJSTests" */ = {
			isa = XCConfigurationList;
			buildConfigurations = (
				09B6E94423824E650063B9F6 /* Debug */,
				09B6E94523824E650063B9F6 /* Release */,
			);
			defaultConfigurationIsVisible = 0;
			defaultConfigurationName = Release;
		};
		09B6E94623824E650063B9F6 /* Build configuration list for PBXNativeTarget "OCJSUITests" */ = {
			isa = XCConfigurationList;
			buildConfigurations = (
				09B6E94723824E650063B9F6 /* Debug */,
				09B6E94823824E650063B9F6 /* Release */,
			);
			defaultConfigurationIsVisible = 0;
			defaultConfigurationName = Release;
		};
/* End XCConfigurationList section */
	};
	rootObject = 09B6E90923824E550063B9F6 /* Project object */;
}
